
Microsoft Visual Studio Solution File, Format Version 12.00
# Visual Studio Version 17
VisualStudioVersion = 17.14.36908.2
MinimumVisualStudioVersion = 10.0.40219.1
Project("{FAE04EC0-301F-11D3-BF4B-00C04F79EFBC}") = "SV22T1020328.Admin", "SV22T1020328.Admin\SV22T1020328.Admin.csproj", "{45E8F941-2FE0-4EAE-8953-FD924EFB8316}"
EndProject
Project("{FAE04EC0-301F-11D3-BF4B-00C04F79EFBC}") = "SV22T1020328.Shop", "SV22T1020328.Shop\SV22T1020328.Shop.csproj", "{37E2D392-547D-47B4-AA2D-9850DDEF72DE}"
EndProject
Project("{FAE04EC0-301F-11D3-BF4B-00C04F79EFBC}") = "SV22T1020328.Models", "SV22T1020328.Models\SV22T1020328.Models.csproj", "{AD14212C-0F1A-4625-9831-EA7B52877B5A}"
EndProject
Project("{FAE04EC0-301F-11D3-BF4B-00C04F79EFBC}") = "SV22T1020328.DomainModels", "SV22T1020328.DomainModels\SV22T1020328.DomainModels.csproj", "{33677317-B1D9-4F37-ACB8-203AFAECC410}"
EndProject
Project("{FAE04EC0-301F-11D3-BF4B-00C04F79EFBC}") = "SV22T1020328.BusinessLayers", "SV22T1020328.BusinessLayers\SV22T1020328.BusinessLayers.csproj", "{D9E99DF4-94F6-474C-9304-FB9E90EF10C1}"
EndProject
Project("{2150E333-8FDC-42A3-9474-1A3956D46DE8}") = "Application", "Application", "{02EA681E-C7D8-13C7-8484-4AC65E1B71E8}"
EndProject
Project("{2150E333-8FDC-42A3-9474-1A3956D46DE8}") = "Libraries", "Libraries", "{60159888-6E77-4F35-B6C8-CB3CA9933F0B}"
EndProject
Project("{2150E333-8FDC-42A3-9474-1A3956D46DE8}") = "Notes", "Notes", "{02A45830-C194-41E4-ABED-D39849C83307}"
	ProjectSection(SolutionItems) = preProject
		Log.md = Log.md
	EndProjectSection
EndProject
Global
	GlobalSection(SolutionConfigurationPlatforms) = preSolution
		Debug|Any CPU = Debug|Any CPU
		Release|Any CPU = Release|Any CPU
	EndGlobalSection
	GlobalSection(ProjectConfigurationPlatforms) = postSolution
		{45E8F941-2FE0-4EAE-8953-FD924EFB8316}.Debug|Any CPU.ActiveCfg = Debug|Any CPU
		{45E8F941-2FE0-4EAE-8953-FD924EFB8316}.Debug|Any CPU.Build.0 = Debug|Any CPU
		{45E8F941-2FE0-4EAE-8953-FD924EFB8316}.Release|Any CPU.ActiveCfg = Release|Any CPU
		{45E8F941-2FE0-4EAE-8953-FD924EFB8316}.Release|Any CPU.Build.0 = Release|Any CPU
		{37E2D392-547D-47B4-AA2D-9850DDEF72DE}.Debug|Any CPU.ActiveCfg = Debug|Any CPU
		{37E2D392-547D-47B4-AA2D-9850DDEF72DE}.Debug|Any CPU.Build.0 = Debug|Any CPU
		{37E2D392-547D-47B4-AA2D-9850DDEF72DE}.Release|Any CPU.ActiveCfg = Release|Any CPU
		{37E2D392-547D-47B4-AA2D-9850DDEF72DE}.Release|Any CPU.Build.0 = Release|Any CPU
		{AD14212C-0F1A-4625-9831-EA7B52877B5A}.Debug|Any CPU.ActiveCfg = Debug|Any CPU
		{AD14212C-0F1A-4625-9831-EA7B52877B5A}.Debug|Any CPU.Build.0 = Debug|Any CPU
		{AD14212C-0F1A-4625-9831-EA7B52877B5A}.Release|Any CPU.ActiveCfg = Release|Any CPU
		{AD14212C-0F1A-4625-9831-EA7B52877B5A}.Release|Any CPU.Build.0 = Release|Any CPU
		{33677317-B1D9-4F37-ACB8-203AFAECC410}.Debug|Any CPU.ActiveCfg = Debug|Any CPU
		{33677317-B1D9-4F37-ACB8-203AFAECC410}.Debug|Any CPU.Build.0 = Debug|Any CPU
		{33677317-B1D9-4F37-ACB8-203AFAECC410}.Release|Any CPU.ActiveCfg = Release|Any CPU
		{33677317-B1D9-4F37-ACB8-203AFAECC410}.Release|Any CPU.Build.0 = Release|Any CPU
		{D9E99DF4-94F6-474C-9304-FB9E90EF10C1}.Debug|Any CPU.ActiveCfg = Debug|Any CPU
		{D9E99DF4-94F6-474C-9304-FB9E90EF10C1}.Debug|Any CPU.Build.0 = Debug|Any CPU
		{D9E99DF4-94F6-474C-9304-FB9E90EF10C1}.Release|Any CPU.ActiveCfg = Release|Any CPU
		{D9E99DF4-94F6-474C-9304-FB9E90EF10C1}.Release|Any CPU.Build.0 = Release|Any CPU
	EndGlobalSection
	GlobalSection(SolutionProperties) = preSolution
		HideSolutionNode = FALSE
	EndGlobalSection
	GlobalSection(NestedProjects) = preSolution
		{45E8F941-2FE0-4EAE-8953-FD924EFB8316} = {02EA681E-C7D8-13C7-8484-4AC65E1B71E8}
		{37E2D392-547D-47B4-AA2D-9850DDEF72DE} = {02EA681E-C7D8-13C7-8484-4AC65E1B71E8}
		{AD14212C-0F1A-4625-9831-EA7B52877B5A} = {60159888-6E77-4F35-B6C8-CB3CA9933F0B}
		{33677317-B1D9-4F37-ACB8-203AFAECC410} = {60159888-6E77-4F35-B6C8-CB3CA9933F0B}
		{D9E99DF4-94F6-474C-9304-FB9E90EF10C1} = {60159888-6E77-4F35-B6C8-CB3CA9933F0B}
	EndGlobalSection
	GlobalSection(ExtensibilityGlobals) = postSolution
		SolutionGuid = {5B2D13CD-E076-416F-8D36-C0A265A12733}
	EndGlobalSection
EndGlobal
